<Solution>
  <Project Path="Akila.FPSFramework.csproj" />
  <Project Path="Assembly-CSharp.csproj" />
  <Project Path="ExternAttributes.Editor.csproj" />
  <Project Path="AllIn1VfxAssmebly.csproj" />
  <Project Path="Unity.RenderPipelines.Universal.Runtime.csproj" />
  <Project Path="AllIn1VfxDemoScriptAssemblies.csproj" />
  <Project Path="Assembly-CSharp-Editor.csproj" />
  <Project Path="Unity.AI.Navigation.Samples.csproj" />
  <Project Path="AllIn1VfxTexDemoAssembly.csproj" />
  <Project Path="Unity.AI.Navigation.Samples.Initialization.Editor.csproj" />
  <Project Path="FlatKit.Utils.Editor.csproj" />
</Solution>
